
Microsoft Visual Studio Solution File, Format Version 12.00
# Visual Studio Version 16
VisualStudioVersion = 16.0.31624.102
MinimumVisualStudioVersion = 10.0.40219.1
Project("{FAE04EC0-301F-11D3-BF4B-00C04F79EFBC}") = "Final", "Final.csproj", "{9A58AABC-9177-4982-AF94-EFC78AD49EDD}"
EndProject
Global
	GlobalSection(SolutionConfigurationPlatforms) = preSolution
		Debug|Any CPU = Debug|Any CPU
		Release|Any CPU = Release|Any CPU
	EndGlobalSection
	GlobalSection(ProjectConfigurationPlatforms) = postSolution
		{9A58AABC-9177-4982-AF94-EFC78AD49EDD}.Debug|Any CPU.ActiveCfg = Debug|Any CPU
		{9A58AABC-9177-4982-AF94-EFC78AD49EDD}.Debug|Any CPU.Build.0 = Debug|Any CPU
		{9A58AABC-9177-4982-AF94-EFC78AD49EDD}.Release|Any CPU.ActiveCfg = Release|Any CPU
		{9A58AABC-9177-4982-AF94-EFC78AD49EDD}.Release|Any CPU.Build.0 = Release|Any CPU
	EndGlobalSection
	GlobalSection(SolutionProperties) = preSolution
		HideSolutionNode = FALSE
	EndGlobalSection
	GlobalSection(ExtensibilityGlobals) = postSolution
		SolutionGuid = {62F76A92-E00D-4FC3-BB09-94E856FC3CE8}
	EndGlobalSection
EndGlobal
